
Microsoft Visual Studio Solution File, Format Version 12.00
# Visual Studio Version 17
VisualStudioVersion = 17.4.33213.308
MinimumVisualStudioVersion = 10.0.40219.1
Project("{9A19103F-16F7-4668-BE54-9A1E7A4F7556}") = "WpfApp1", "WpfApp1\WpfApp1.csproj", "{F185E811-E0B7-480E-9068-905408692B32}"
EndProject
Global
	GlobalSection(SolutionConfigurationPlatforms) = preSolution
		Debug|Any CPU = Debug|Any CPU
		Release|Any CPU = Release|Any CPU
	EndGlobalSection
	GlobalSection(ProjectConfigurationPlatforms) = postSolution
		{F185E811-E0B7-480E-9068-905408692B32}.Debug|Any CPU.ActiveCfg = Debug|Any CPU
		{F185E811-E0B7-480E-9068-905408692B32}.Debug|Any CPU.Build.0 = Debug|Any CPU
		{F185E811-E0B7-480E-9068-905408692B32}.Release|Any CPU.ActiveCfg = Release|Any CPU
		{F185E811-E0B7-480E-9068-905408692B32}.Release|Any CPU.Build.0 = Release|Any CPU
	EndGlobalSection
	GlobalSection(SolutionProperties) = preSolution
		HideSolutionNode = FALSE
	EndGlobalSection
	GlobalSection(ExtensibilityGlobals) = postSolution
		SolutionGuid = {DB62F6DE-2594-4C38-8689-EA79BE32B3D0}
	EndGlobalSection
EndGlobal
